
Microsoft Visual Studio Solution File, Format Version 12.00
# Visual Studio Version 16
VisualStudioVersion = 16.0.808.0
MinimumVisualStudioVersion = 10.0.40219.1
Project("{FAE04EC0-301F-11D3-BF4B-00C04F79EFBC}") = "GenerateBarcodeSample.Android", "GenerateBarcodeSample.Android\GenerateBarcodeSample.Android.csproj", "{94C055FE-016C-4DE3-93B0-5BC9EA6C5ED5}"
EndProject
Project("{FAE04EC0-301F-11D3-BF4B-00C04F79EFBC}") = "GenerateBarcodeSample.iOS", "GenerateBarcodeSample.iOS\GenerateBarcodeSample.iOS.csproj", "{5E3D6280-C76D-4F90-BD21-89620B58A869}"
EndProject
Project("{FAE04EC0-301F-11D3-BF4B-00C04F79EFBC}") = "GenerateBarcodeSample", "GenerateBarcodeSample\GenerateBarcodeSample.csproj", "{26AF2989-6360-42F0-890D-643F7A33F752}"
EndProject
Global
	GlobalSection(SolutionConfigurationPlatforms) = preSolution
		Debug|Any CPU = Debug|Any CPU
		Release|Any CPU = Release|Any CPU
		Debug|iPhoneSimulator = Debug|iPhoneSimulator
		Release|iPhoneSimulator = Release|iPhoneSimulator
		Debug|iPhone = Debug|iPhone
		Release|iPhone = Release|iPhone
	EndGlobalSection
	GlobalSection(ProjectConfigurationPlatforms) = postSolution
		{94C055FE-016C-4DE3-93B0-5BC9EA6C5ED5}.Debug|Any CPU.ActiveCfg = Debug|Any CPU
		{94C055FE-016C-4DE3-93B0-5BC9EA6C5ED5}.Debug|Any CPU.Build.0 = Debug|Any CPU
		{94C055FE-016C-4DE3-93B0-5BC9EA6C5ED5}.Release|Any CPU.ActiveCfg = Release|Any CPU
		{94C055FE-016C-4DE3-93B0-5BC9EA6C5ED5}.Release|Any CPU.Build.0 = Release|Any CPU
		{94C055FE-016C-4DE3-93B0-5BC9EA6C5ED5}.Debug|iPhoneSimulator.ActiveCfg = Debug|Any CPU
		{94C055FE-016C-4DE3-93B0-5BC9EA6C5ED5}.Debug|iPhoneSimulator.Build.0 = Debug|Any CPU
		{94C055FE-016C-4DE3-93B0-5BC9EA6C5ED5}.Release|iPhoneSimulator.ActiveCfg = Release|Any CPU
		{94C055FE-016C-4DE3-93B0-5BC9EA6C5ED5}.Release|iPhoneSimulator.Build.0 = Release|Any CPU
		{94C055FE-016C-4DE3-93B0-5BC9EA6C5ED5}.Debug|iPhone.ActiveCfg = Debug|Any CPU
		{94C055FE-016C-4DE3-93B0-5BC9EA6C5ED5}.Debug|iPhone.Build.0 = Debug|Any CPU
		{94C055FE-016C-4DE3-93B0-5BC9EA6C5ED5}.Release|iPhone.ActiveCfg = Release|Any CPU
		{94C055FE-016C-4DE3-93B0-5BC9EA6C5ED5}.Release|iPhone.Build.0 = Release|Any CPU
		{5E3D6280-C76D-4F90-BD21-89620B58A869}.Debug|Any CPU.ActiveCfg = Debug|iPhoneSimulator
		{5E3D6280-C76D-4F90-BD21-89620B58A869}.Debug|Any CPU.Build.0 = Debug|iPhoneSimulator
		{5E3D6280-C76D-4F90-BD21-89620B58A869}.Release|Any CPU.ActiveCfg = Release|iPhoneSimulator
		{5E3D6280-C76D-4F90-BD21-89620B58A869}.Release|Any CPU.Build.0 = Release|iPhoneSimulator
		{5E3D6280-C76D-4F90-BD21-89620B58A869}.Debug|iPhoneSimulator.ActiveCfg = Debug|iPhoneSimulator
		{5E3D6280-C76D-4F90-BD21-89620B58A869}.Debug|iPhoneSimulator.Build.0 = Debug|iPhoneSimulator
		{5E3D6280-C76D-4F90-BD21-89620B58A869}.Release|iPhoneSimulator.ActiveCfg = Release|iPhoneSimulator
		{5E3D6280-C76D-4F90-BD21-89620B58A869}.Release|iPhoneSimulator.Build.0 = Release|iPhoneSimulator
		{5E3D6280-C76D-4F90-BD21-89620B58A869}.Debug|iPhone.ActiveCfg = Debug|iPhone
		{5E3D6280-C76D-4F90-BD21-89620B58A869}.Debug|iPhone.Build.0 = Debug|iPhone
		{5E3D6280-C76D-4F90-BD21-89620B58A869}.Release|iPhone.ActiveCfg = Release|iPhone
		{5E3D6280-C76D-4F90-BD21-89620B58A869}.Release|iPhone.Build.0 = Release|iPhone
		{26AF2989-6360-42F0-890D-643F7A33F752}.Debug|Any CPU.ActiveCfg = Debug|Any CPU
		{26AF2989-6360-42F0-890D-643F7A33F752}.Debug|Any CPU.Build.0 = Debug|Any CPU
		{26AF2989-6360-42F0-890D-643F7A33F752}.Release|Any CPU.ActiveCfg = Release|Any CPU
		{26AF2989-6360-42F0-890D-643F7A33F752}.Release|Any CPU.Build.0 = Release|Any CPU
		{26AF2989-6360-42F0-890D-643F7A33F752}.Debug|iPhoneSimulator.ActiveCfg = Debug|Any CPU
		{26AF2989-6360-42F0-890D-643F7A33F752}.Debug|iPhoneSimulator.Build.0 = Debug|Any CPU
		{26AF2989-6360-42F0-890D-643F7A33F752}.Release|iPhoneSimulator.ActiveCfg = Release|Any CPU
		{26AF2989-6360-42F0-890D-643F7A33F752}.Release|iPhoneSimulator.Build.0 = Release|Any CPU
		{26AF2989-6360-42F0-890D-643F7A33F752}.Debug|iPhone.ActiveCfg = Debug|Any CPU
		{26AF2989-6360-42F0-890D-643F7A33F752}.Debug|iPhone.Build.0 = Debug|Any CPU
		{26AF2989-6360-42F0-890D-643F7A33F752}.Release|iPhone.ActiveCfg = Release|Any CPU
		{26AF2989-6360-42F0-890D-643F7A33F752}.Release|iPhone.Build.0 = Release|Any CPU
	EndGlobalSection
	GlobalSection(SolutionProperties) = preSolution
		HideSolutionNode = FALSE
	EndGlobalSection
	GlobalSection(ExtensibilityGlobals) = postSolution
		SolutionGuid = {5B664707-C7C1-4D36-AB3A-4130BE1DC190}
	EndGlobalSection
EndGlobal
